
Microsoft Visual Studio Solution File, Format Version 12.00
# Visual Studio Version 17
VisualStudioVersion = 17.11.35303.130
MinimumVisualStudioVersion = 10.0.40219.1
Project("{FAE04EC0-301F-11D3-BF4B-00C04F79EFBC}") = "SymbolMap", "SymbolMap\SymbolMap.csproj", "{EB2B51AA-D568-4820-828F-3D5D322B622D}"
EndProject
Global
	GlobalSection(SolutionConfigurationPlatforms) = preSolution
		Debug|Any CPU = Debug|Any CPU
		Release|Any CPU = Release|Any CPU
	EndGlobalSection
	GlobalSection(ProjectConfigurationPlatforms) = postSolution
		{EB2B51AA-D568-4820-828F-3D5D322B622D}.Debug|Any CPU.ActiveCfg = Debug|Any CPU
		{EB2B51AA-D568-4820-828F-3D5D322B622D}.Debug|Any CPU.Build.0 = Debug|Any CPU
		{EB2B51AA-D568-4820-828F-3D5D322B622D}.Release|Any CPU.ActiveCfg = Release|Any CPU
		{EB2B51AA-D568-4820-828F-3D5D322B622D}.Release|Any CPU.Build.0 = Release|Any CPU
	EndGlobalSection
	GlobalSection(SolutionProperties) = preSolution
		HideSolutionNode = FALSE
	EndGlobalSection
	GlobalSection(ExtensibilityGlobals) = postSolution
		SolutionGuid = {4DC4EC4F-2A45-499E-AD38-19BEF3632E08}
	EndGlobalSection
EndGlobal
